
Microsoft Visual Studio Solution File, Format Version 12.00
# Visual Studio Version 16
VisualStudioVersion = 16.0.30406.217
MinimumVisualStudioVersion = 15.0.26124.0
Project("{9A19103F-16F7-4668-BE54-9A1E7A4F7556}") = "TddTrainingDay01", "src\TddTrainingDay01.csproj", "{36D7E49A-B0D3-43CC-A71D-2FA6553DE9E1}"
EndProject
Project("{9A19103F-16F7-4668-BE54-9A1E7A4F7556}") = "TddTrainingDay01.Test", "test\TddTrainingDay01.Test.csproj", "{11ACD766-579F-4534-B58A-8A656432BAB7}"
EndProject
Global
	GlobalSection(SolutionConfigurationPlatforms) = preSolution
		Debug|Any CPU = Debug|Any CPU
		Debug|x64 = Debug|x64
		Debug|x86 = Debug|x86
		Release|Any CPU = Release|Any CPU
		Release|x64 = Release|x64
		Release|x86 = Release|x86
	EndGlobalSection
	GlobalSection(ProjectConfigurationPlatforms) = postSolution
		{36D7E49A-B0D3-43CC-A71D-2FA6553DE9E1}.Debug|Any CPU.ActiveCfg = Debug|Any CPU
		{36D7E49A-B0D3-43CC-A71D-2FA6553DE9E1}.Debug|Any CPU.Build.0 = Debug|Any CPU
		{36D7E49A-B0D3-43CC-A71D-2FA6553DE9E1}.Debug|x64.ActiveCfg = Debug|Any CPU
		{36D7E49A-B0D3-43CC-A71D-2FA6553DE9E1}.Debug|x64.Build.0 = Debug|Any CPU
		{36D7E49A-B0D3-43CC-A71D-2FA6553DE9E1}.Debug|x86.ActiveCfg = Debug|Any CPU
		{36D7E49A-B0D3-43CC-A71D-2FA6553DE9E1}.Debug|x86.Build.0 = Debug|Any CPU
		{36D7E49A-B0D3-43CC-A71D-2FA6553DE9E1}.Release|Any CPU.ActiveCfg = Release|Any CPU
		{36D7E49A-B0D3-43CC-A71D-2FA6553DE9E1}.Release|Any CPU.Build.0 = Release|Any CPU
		{36D7E49A-B0D3-43CC-A71D-2FA6553DE9E1}.Release|x64.ActiveCfg = Release|Any CPU
		{36D7E49A-B0D3-43CC-A71D-2FA6553DE9E1}.Release|x64.Build.0 = Release|Any CPU
		{36D7E49A-B0D3-43CC-A71D-2FA6553DE9E1}.Release|x86.ActiveCfg = Release|Any CPU
		{36D7E49A-B0D3-43CC-A71D-2FA6553DE9E1}.Release|x86.Build.0 = Release|Any CPU
		{11ACD766-579F-4534-B58A-8A656432BAB7}.Debug|Any CPU.ActiveCfg = Debug|Any CPU
		{11ACD766-579F-4534-B58A-8A656432BAB7}.Debug|Any CPU.Build.0 = Debug|Any CPU
		{11ACD766-579F-4534-B58A-8A656432BAB7}.Debug|x64.ActiveCfg = Debug|Any CPU
		{11ACD766-579F-4534-B58A-8A656432BAB7}.Debug|x64.Build.0 = Debug|Any CPU
		{11ACD766-579F-4534-B58A-8A656432BAB7}.Debug|x86.ActiveCfg = Debug|Any CPU
		{11ACD766-579F-4534-B58A-8A656432BAB7}.Debug|x86.Build.0 = Debug|Any CPU
		{11ACD766-579F-4534-B58A-8A656432BAB7}.Release|Any CPU.ActiveCfg = Release|Any CPU
		{11ACD766-579F-4534-B58A-8A656432BAB7}.Release|Any CPU.Build.0 = Release|Any CPU
		{11ACD766-579F-4534-B58A-8A656432BAB7}.Release|x64.ActiveCfg = Release|Any CPU
		{11ACD766-579F-4534-B58A-8A656432BAB7}.Release|x64.Build.0 = Release|Any CPU
		{11ACD766-579F-4534-B58A-8A656432BAB7}.Release|x86.ActiveCfg = Release|Any CPU
		{11ACD766-579F-4534-B58A-8A656432BAB7}.Release|x86.Build.0 = Release|Any CPU
	EndGlobalSection
	GlobalSection(SolutionProperties) = preSolution
		HideSolutionNode = FALSE
	EndGlobalSection
	GlobalSection(ExtensibilityGlobals) = postSolution
		SolutionGuid = {7C72E19E-1538-430F-9F19-21AB7FDF5DD3}
	EndGlobalSection
EndGlobal
